
Microsoft Visual Studio Solution File, Format Version 12.00
# Visual Studio 15
VisualStudioVersion = 15.0.27130.2027
MinimumVisualStudioVersion = 10.0.40219.1
Project("{888888A0-9F3D-457C-B088-3A5042F75D52}") = "outliers", "outliers.pyproj", "{3B8CDB52-7EC6-4A9B-80D1-9286221806D4}"
EndProject
Global
	GlobalSection(SolutionConfigurationPlatforms) = preSolution
		Debug|Any CPU = Debug|Any CPU
		Release|Any CPU = Release|Any CPU
	EndGlobalSection
	GlobalSection(ProjectConfigurationPlatforms) = postSolution
		{3B8CDB52-7EC6-4A9B-80D1-9286221806D4}.Debug|Any CPU.ActiveCfg = Debug|Any CPU
		{3B8CDB52-7EC6-4A9B-80D1-9286221806D4}.Release|Any CPU.ActiveCfg = Release|Any CPU
	EndGlobalSection
	GlobalSection(SolutionProperties) = preSolution
		HideSolutionNode = FALSE
	EndGlobalSection
	GlobalSection(ExtensibilityGlobals) = postSolution
		SolutionGuid = {54343301-2212-4E27-A327-3025F2E4EE4D}
	EndGlobalSection
EndGlobal
