
Microsoft Visual Studio Solution File, Format Version 12.00
# Visual Studio 15
VisualStudioVersion = 15.0.27130.2027
MinimumVisualStudioVersion = 10.0.40219.1
Project("{888888A0-9F3D-457C-B088-3A5042F75D52}") = "regression", "regression.pyproj", "{60032F04-C1C4-41D1-B50B-0A4256D12CCB}"
EndProject
Global
	GlobalSection(SolutionConfigurationPlatforms) = preSolution
		Debug|Any CPU = Debug|Any CPU
		Release|Any CPU = Release|Any CPU
	EndGlobalSection
	GlobalSection(ProjectConfigurationPlatforms) = postSolution
		{60032F04-C1C4-41D1-B50B-0A4256D12CCB}.Debug|Any CPU.ActiveCfg = Debug|Any CPU
		{60032F04-C1C4-41D1-B50B-0A4256D12CCB}.Release|Any CPU.ActiveCfg = Release|Any CPU
	EndGlobalSection
	GlobalSection(SolutionProperties) = preSolution
		HideSolutionNode = FALSE
	EndGlobalSection
	GlobalSection(ExtensibilityGlobals) = postSolution
		SolutionGuid = {E0DC67EB-CFE5-4555-A7A8-0519418D8FFB}
	EndGlobalSection
EndGlobal
